
Microsoft Visual Studio Solution File, Format Version 12.00
# Visual Studio Version 17
VisualStudioVersion = 17.5.33516.290
MinimumVisualStudioVersion = 10.0.40219.1
Project("{9A19103F-16F7-4668-BE54-9A1E7A4F7556}") = "PlatformService", "PlatformService.csproj", "{EA1C41FB-7E8D-4103-B862-40B649556BFE}"
EndProject
Global
	GlobalSection(SolutionConfigurationPlatforms) = preSolution
		Debug|Any CPU = Debug|Any CPU
		Release|Any CPU = Release|Any CPU
	EndGlobalSection
	GlobalSection(ProjectConfigurationPlatforms) = postSolution
		{EA1C41FB-7E8D-4103-B862-40B649556BFE}.Debug|Any CPU.ActiveCfg = Debug|Any CPU
		{EA1C41FB-7E8D-4103-B862-40B649556BFE}.Debug|Any CPU.Build.0 = Debug|Any CPU
		{EA1C41FB-7E8D-4103-B862-40B649556BFE}.Release|Any CPU.ActiveCfg = Release|Any CPU
		{EA1C41FB-7E8D-4103-B862-40B649556BFE}.Release|Any CPU.Build.0 = Release|Any CPU
	EndGlobalSection
	GlobalSection(SolutionProperties) = preSolution
		HideSolutionNode = FALSE
	EndGlobalSection
	GlobalSection(ExtensibilityGlobals) = postSolution
		SolutionGuid = {E6755F43-51BE-44CB-A4B5-A99D5FD15BCE}
	EndGlobalSection
EndGlobal
